
Microsoft Visual Studio Solution File, Format Version 12.00
# Visual Studio Version 16
VisualStudioVersion = 16.0.30717.126
MinimumVisualStudioVersion = 10.0.40219.1
Project("{FAE04EC0-301F-11D3-BF4B-00C04F79EFBC}") = "Web", "Web\Web.csproj", "{27699E4C-F9E1-42BE-91DE-F681344710B4}"
EndProject
Project("{FAE04EC0-301F-11D3-BF4B-00C04F79EFBC}") = "Web.DatabaseModel", "Web.DatabaseModel\Web.DatabaseModel.csproj", "{6216A315-D6AF-4B9F-8A2F-96523853573B}"
EndProject
Global
	GlobalSection(SolutionConfigurationPlatforms) = preSolution
		Debug|Any CPU = Debug|Any CPU
		Release|Any CPU = Release|Any CPU
	EndGlobalSection
	GlobalSection(ProjectConfigurationPlatforms) = postSolution
		{27699E4C-F9E1-42BE-91DE-F681344710B4}.Debug|Any CPU.ActiveCfg = Debug|Any CPU
		{27699E4C-F9E1-42BE-91DE-F681344710B4}.Debug|Any CPU.Build.0 = Debug|Any CPU
		{27699E4C-F9E1-42BE-91DE-F681344710B4}.Release|Any CPU.ActiveCfg = Release|Any CPU
		{27699E4C-F9E1-42BE-91DE-F681344710B4}.Release|Any CPU.Build.0 = Release|Any CPU
		{6216A315-D6AF-4B9F-8A2F-96523853573B}.Debug|Any CPU.ActiveCfg = Debug|Any CPU
		{6216A315-D6AF-4B9F-8A2F-96523853573B}.Debug|Any CPU.Build.0 = Debug|Any CPU
		{6216A315-D6AF-4B9F-8A2F-96523853573B}.Release|Any CPU.ActiveCfg = Release|Any CPU
		{6216A315-D6AF-4B9F-8A2F-96523853573B}.Release|Any CPU.Build.0 = Release|Any CPU
	EndGlobalSection
	GlobalSection(SolutionProperties) = preSolution
		HideSolutionNode = FALSE
	EndGlobalSection
	GlobalSection(ExtensibilityGlobals) = postSolution
		SolutionGuid = {9977F2B6-6775-40F3-932D-D168887DE41F}
	EndGlobalSection
EndGlobal
